// !$*UTF8*$!
{
	archiveVersion = 1;
	classes = {
	};
	objectVersion = 50;
	objects = {

/* Begin PBXBuildFile section */
		693306B134DBCD38DA5B90E0 /* Pods_study29_firebase.framework in Frameworks */ = {isa = PBXBuildFile; fileRef = D67C38E27F9A339E9E4B6BEC /* Pods_study29_firebase.framework */; };
		872C628E260C810400B1D92C /* AppDelegate.swift in Sources */ = {isa = PBXBuildFile; fileRef = 872C628D260C810400B1D92C /* AppDelegate.swift */; };
		872C6290260C810400B1D92C /* SceneDelegate.swift in Sources */ = {isa = PBXBuildFile; fileRef = 872C628F260C810400B1D92C /* SceneDelegate.swift */; };
		872C6292260C810400B1D92C /* ViewController.swift in Sources */ = {isa = PBXBuildFile; fileRef = 872C6291260C810400B1D92C /* ViewController.swift */; };
		872C6295260C810400B1D92C /* Main.storyboard in Resources */ = {isa = PBXBuildFile; fileRef = 872C6293260C810400B1D92C /* Main.storyboard */; };
		872C6297260C810500B1D92C /* Assets.xcassets in Resources */ = {isa = PBXBuildFile; fileRef = 872C6296260C810500B1D92C /* Assets.xcassets */; };
		872C629A260C810500B1D92C /* LaunchScreen.storyboard in Resources */ = {isa = PBXBuildFile; fileRef = 872C6298260C810500B1D92C /* LaunchScreen.storyboard */; };
		872C62A3260C824E00B1D92C /* GoogleService-Info.plist in Resources */ = {isa = PBXBuildFile; fileRef = 872C62A2260C824E00B1D92C /* GoogleService-Info.plist */; };
/* End PBXBuildFile section */

/* Begin PBXFileReference section */
		556D7C0FFB12BB6568A8B59A /* Pods-study29_firebase.debug.xcconfig */ = {isa = PBXFileReference; includeInIndex = 1; lastKnownFileType = text.xcconfig; name = "Pods-study29_firebase.debug.xcconfig"; path = "Target Support Files/Pods-study29_firebase/Pods-study29_firebase.debug.xcconfig"; sourceTree = "<group>"; };
		872C628A260C810400B1D92C /* study29_firebase.app */ = {isa = PBXFileReference; explicitFileType = wrapper.application; includeInIndex = 0; path = study29_firebase.app; sourceTree = BUILT_PRODUCTS_DIR; };
		872C628D260C810400B1D92C /* AppDelegate.swift */ = {isa = PBXFileReference; lastKnownFileType = sourcecode.swift; path = AppDelegate.swift; sourceTree = "<group>"; };
		872C628F260C810400B1D92C /* SceneDelegate.swift */ = {isa = PBXFileReference; lastKnownFileType = sourcecode.swift; path = SceneDelegate.swift; sourceTree = "<group>"; };
		872C6291260C810400B1D92C /* ViewController.swift */ = {isa = PBXFileReference; lastKnownFileType = sourcecode.swift; path = ViewController.swift; sourceTree = "<group>"; };
		872C6294260C810400B1D92C /* Base */ = {isa = PBXFileReference; lastKnownFileType = file.storyboard; name = Base; path = Base.lproj/Main.storyboard; sourceTree = "<group>"; };
		872C6296260C810500B1D92C /* Assets.xcassets */ = {isa = PBXFileReference; lastKnownFileType = folder.assetcatalog; path = Assets.xcassets; sourceTree = "<group>"; };
		872C6299260C810500B1D92C /* Base */ = {isa = PBXFileReference; lastKnownFileType = file.storyboard; name = Base; path = Base.lproj/LaunchScreen.storyboard; sourceTree = "<group>"; };
		872C629B260C810500B1D92C /* Info.plist */ = {isa = PBXFileReference; lastKnownFileType = text.plist.xml; path = Info.plist; sourceTree = "<group>"; };
		872C62A2260C824E00B1D92C /* GoogleService-Info.plist */ = {isa = PBXFileReference; fileEncoding = 4; lastKnownFileType = text.plist.xml; path = "GoogleService-Info.plist"; sourceTree = "<group>"; };
		D67C38E27F9A339E9E4B6BEC /* Pods_study29_firebase.framework */ = {isa = PBXFileReference; explicitFileType = wrapper.framework; includeInIndex = 0; path = Pods_study29_firebase.framework; sourceTree = BUILT_PRODUCTS_DIR; };
		FD093FD6F88D71B7AB367E5C /* Pods-study29_firebase.release.xcconfig */ = {isa = PBXFileReference; includeInIndex = 1; lastKnownFileType = text.xcconfig; name = "Pods-study29_firebase.release.xcconfig"; path = "Target Support Files/Pods-study29_firebase/Pods-study29_firebase.release.xcconfig"; sourceTree = "<group>"; };
/* End PBXFileReference section */

/* Begin PBXFrameworksBuildPhase section */
		872C6287260C810400B1D92C /* Frameworks */ = {
			isa = PBXFrameworksBuildPhase;
			buildActionMask = 2147483647;
			files = (
				693306B134DBCD38DA5B90E0 /* Pods_study29_firebase.framework in Frameworks */,
			);
			runOnlyForDeploymentPostprocessing = 0;
		};
/* End PBXFrameworksBuildPhase section */

/* Begin PBXGroup section */
		872C6281260C810400B1D92C = {
			isa = PBXGroup;
			children = (
				872C628C260C810400B1D92C /* study29_firebase */,
				872C628B260C810400B1D92C /* Products */,
				97C1DDA927ADAB99D8435976 /* Pods */,
				95ABAA6E63635D274C249F20 /* Frameworks */,
			);
			sourceTree = "<group>";
		};
		872C628B260C810400B1D92C /* Products */ = {
			isa = PBXGroup;
			children = (
				872C628A260C810400B1D92C /* study29_firebase.app */,
			);
			name = Products;
			sourceTree = "<group>";
		};
		872C628C260C810400B1D92C /* study29_firebase */ = {
			isa = PBXGroup;
			children = (
				872C628D260C810400B1D92C /* AppDelegate.swift */,
				872C628F260C810400B1D92C /* SceneDelegate.swift */,
				872C6291260C810400B1D92C /* ViewController.swift */,
				872C6293260C810400B1D92C /* Main.storyboard */,
				872C6296260C810500B1D92C /* Assets.xcassets */,
				872C6298260C810500B1D92C /* LaunchScreen.storyboard */,
				872C629B260C810500B1D92C /* Info.plist */,
				872C62A2260C824E00B1D92C /* GoogleService-Info.plist */,
			);
			path = study29_firebase;
			sourceTree = "<group>";
		};
		95ABAA6E63635D274C249F20 /* Frameworks */ = {
			isa = PBXGroup;
			children = (
				D67C38E27F9A339E9E4B6BEC /* Pods_study29_firebase.framework */,
			);
			name = Frameworks;
			sourceTree = "<group>";
		};
		97C1DDA927ADAB99D8435976 /* Pods */ = {
			isa = PBXGroup;
			children = (
				556D7C0FFB12BB6568A8B59A /* Pods-study29_firebase.debug.xcconfig */,
				FD093FD6F88D71B7AB367E5C /* Pods-study29_firebase.release.xcconfig */,
			);
			name = Pods;
			path = Pods;
			sourceTree = "<group>";
		};
/* End PBXGroup section */

/* Begin PBXNativeTarget section */
		872C6289260C810400B1D92C /* study29_firebase */ = {
			isa = PBXNativeTarget;
			buildConfigurationList = 872C629E260C810500B1D92C /* Build configuration list for PBXNativeTarget "study29_firebase" */;
			buildPhases = (
				BF9002FB01F179D7D62BC31C /* [CP] Check Pods Manifest.lock */,
				872C6286260C810400B1D92C /* Sources */,
				872C6287260C810400B1D92C /* Frameworks */,
				872C6288260C810400B1D92C /* Resources */,
				E70979ED6DFED27DEF5CD907 /* [CP] Embed Pods Frameworks */,
			);
			buildRules = (
			);
			dependencies = (
			);
			name = study29_firebase;
			productName = study29_firebase;
			productReference = 872C628A260C810400B1D92C /* study29_firebase.app */;
			productType = "com.apple.product-type.application";
		};
/* End PBXNativeTarget section */

/* Begin PBXProject section */
		872C6282260C810400B1D92C /* Project object */ = {
			isa = PBXProject;
			attributes = {
				LastSwiftUpdateCheck = 1240;
				LastUpgradeCheck = 1240;
				TargetAttributes = {
					872C6289260C810400B1D92C = {
						CreatedOnToolsVersion = 12.4;
					};
				};
			};
			buildConfigurationList = 872C6285260C810400B1D92C /* Build configuration list for PBXProject "study29_firebase" */;
			compatibilityVersion = "Xcode 9.3";
			developmentRegion = en;
			hasScannedForEncodings = 0;
			knownRegions = (
				en,
				Base,
			);
			mainGroup = 872C6281260C810400B1D92C;
			productRefGroup = 872C628B260C810400B1D92C /* Products */;
			projectDirPath = "";
			projectRoot = "";
			targets = (
				872C6289260C810400B1D92C /* study29_firebase */,
			);
		};
/* End PBXProject section */

/* Begin PBXResourcesBuildPhase section */
		872C6288260C810400B1D92C /* Resources */ = {
			isa = PBXResourcesBuildPhase;
			buildActionMask = 2147483647;
			files = (
				872C629A260C810500B1D92C /* LaunchScreen.storyboard in Resources */,
				872C62A3260C824E00B1D92C /* GoogleService-Info.plist in Resources */,
				872C6297260C810500B1D92C /* Assets.xcassets in Resources */,
				872C6295260C810400B1D92C /* Main.storyboard in Resources */,
			);
			runOnlyForDeploymentPostprocessing = 0;
		};
/* End PBXResourcesBuildPhase section */

/* Begin PBXShellScriptBuildPhase section */
		BF9002FB01F179D7D62BC31C /* [CP] Check Pods Manifest.lock */ = {
			isa = PBXShellScriptBuildPhase;
			buildActionMask = 2147483647;
			files = (
			);
			inputFileListPaths = (
			);
			inputPaths = (
				"${PODS_PODFILE_DIR_PATH}/Podfile.lock",
				"${PODS_ROOT}/Manifest.lock",
			);
			name = "[CP] Check Pods Manifest.lock";
			outputFileListPaths = (
			);
			outputPaths = (
				"$(DERIVED_FILE_DIR)/Pods-study29_firebase-checkManifestLockResult.txt",
			);
			runOnlyForDeploymentPostprocessing = 0;
			shellPath = /bin/sh;
			shellScript = "diff \"${PODS_PODFILE_DIR_PATH}/Podfile.lock\" \"${PODS_ROOT}/Manifest.lock\" > /dev/null\nif [ $? != 0 ] ; then\n    # print error to STDERR\n    echo \"error: The sandbox is not in sync with the Podfile.lock. Run 'pod install' or update your CocoaPods installation.\" >&2\n    exit 1\nfi\n# This output is used by Xcode 'outputs' to avoid re-running this script phase.\necho \"SUCCESS\" > \"${SCRIPT_OUTPUT_FILE_0}\"\n";
			showEnvVarsInLog = 0;
		};
		E70979ED6DFED27DEF5CD907 /* [CP] Embed Pods Frameworks */ = {
			isa = PBXShellScriptBuildPhase;
			buildActionMask = 2147483647;
			files = (
			);
			inputFileListPaths = (
				"${PODS_ROOT}/Target Support Files/Pods-study29_firebase/Pods-study29_firebase-frameworks-${CONFIGURATION}-input-files.xcfilelist",
			);
			name = "[CP] Embed Pods Frameworks";
			outputFileListPaths = (
				"${PODS_ROOT}/Target Support Files/Pods-study29_firebase/Pods-study29_firebase-frameworks-${CONFIGURATION}-output-files.xcfilelist",
			);
			runOnlyForDeploymentPostprocessing = 0;
			shellPath = /bin/sh;
			shellScript = "\"${PODS_ROOT}/Target Support Files/Pods-study29_firebase/Pods-study29_firebase-frameworks.sh\"\n";
			showEnvVarsInLog = 0;
		};
/* End PBXShellScriptBuildPhase section */

/* Begin PBXSourcesBuildPhase section */
		872C6286260C810400B1D92C /* Sources */ = {
			isa = PBXSourcesBuildPhase;
			buildActionMask = 2147483647;
			files = (
				872C6292260C810400B1D92C /* ViewController.swift in Sources */,
				872C628E260C810400B1D92C /* AppDelegate.swift in Sources */,
				872C6290260C810400B1D92C /* SceneDelegate.swift in Sources */,
			);
			runOnlyForDeploymentPostprocessing = 0;
		};
/* End PBXSourcesBuildPhase section */

/* Begin PBXVariantGroup section */
		872C6293260C810400B1D92C /* Main.storyboard */ = {
			isa = PBXVariantGroup;
			children = (
				872C6294260C810400B1D92C /* Base */,
			);
			name = Main.storyboard;
			sourceTree = "<group>";
		};
		872C6298260C810500B1D92C /* LaunchScreen.storyboard */ = {
			isa = PBXVariantGroup;
			children = (
				872C6299260C810500B1D92C /* Base */,
			);
			name = LaunchScreen.storyboard;
			sourceTree = "<group>";
		};
/* End PBXVariantGroup section */

/* Begin XCBuildConfiguration section */
		872C629C260C810500B1D92C /* Debug */ = {
			isa = XCBuildConfiguration;
			buildSettings = {
				ALWAYS_SEARCH_USER_PATHS = NO;
				CLANG_ANALYZER_NONNULL = YES;
				CLANG_ANALYZER_NUMBER_OBJECT_CONVERSION = YES_AGGRESSIVE;
				CLANG_CXX_LANGUAGE_STANDARD = "gnu++14";
				CLANG_CXX_LIBRARY = "libc++";
				CLANG_ENABLE_MODULES = YES;
				CLANG_ENABLE_OBJC_ARC = YES;
				CLANG_ENABLE_OBJC_WEAK = YES;
				CLANG_WARN_BLOCK_CAPTURE_AUTORELEASING = YES;
				CLANG_WARN_BOOL_CONVERSION = YES;
				CLANG_WARN_COMMA = YES;
				CLANG_WARN_CONSTANT_CONVERSION = YES;
				CLANG_WARN_DEPRECATED_OBJC_IMPLEMENTATIONS = YES;
				CLANG_WARN_DIRECT_OBJC_ISA_USAGE = YES_ERROR;
				CLANG_WARN_DOCUMENTATION_COMMENTS = YES;
				CLANG_WARN_EMPTY_BODY = YES;
				CLANG_WARN_ENUM_CONVERSION = YES;
				CLANG_WARN_INFINITE_RECURSION = YES;
				CLANG_WARN_INT_CONVERSION = YES;
				CLANG_WARN_NON_LITERAL_NULL_CONVERSION = YES;
				CLANG_WARN_OBJC_IMPLICIT_RETAIN_SELF = YES;
				CLANG_WARN_OBJC_LITERAL_CONVERSION = YES;
				CLANG_WARN_OBJC_ROOT_CLASS = YES_ERROR;
				CLANG_WARN_QUOTED_INCLUDE_IN_FRAMEWORK_HEADER = YES;
				CLANG_WARN_RANGE_LOOP_ANALYSIS = YES;
				CLANG_WARN_STRICT_PROTOTYPES = YES;
				CLANG_WARN_SUSPICIOUS_MOVE = YES;
				CLANG_WARN_UNGUARDED_AVAILABILITY = YES_AGGRESSIVE;
				CLANG_WARN_UNREACHABLE_CODE = YES;
				CLANG_WARN__DUPLICATE_METHOD_MATCH = YES;
				COPY_PHASE_STRIP = NO;
				DEBUG_INFORMATION_FORMAT = dwarf;
				ENABLE_STRICT_OBJC_MSGSEND = YES;
				ENABLE_TESTABILITY = YES;
				GCC_C_LANGUAGE_STANDARD = gnu11;
				GCC_DYNAMIC_NO_PIC = NO;
				GCC_NO_COMMON_BLOCKS = YES;
				GCC_OPTIMIZATION_LEVEL = 0;
				GCC_PREPROCESSOR_DEFINITIONS = (
					"DEBUG=1",
					"$(inherited)",
				);
				GCC_WARN_64_TO_32_BIT_CONVERSION = YES;
				GCC_WARN_ABOUT_RETURN_TYPE = YES_ERROR;
				GCC_WARN_UNDECLARED_SELECTOR = YES;
				GCC_WARN_UNINITIALIZED_AUTOS = YES_AGGRESSIVE;
				GCC_WARN_UNUSED_FUNCTION = YES;
				GCC_WARN_UNUSED_VARIABLE = YES;
				IPHONEOS_DEPLOYMENT_TARGET = 14.4;
				MTL_ENABLE_DEBUG_INFO = INCLUDE_SOURCE;
				MTL_FAST_MATH = YES;
				ONLY_ACTIVE_ARCH = YES;
				SDKROOT = iphoneos;
				SWIFT_ACTIVE_COMPILATION_CONDITIONS = DEBUG;
				SWIFT_OPTIMIZATION_LEVEL = "-Onone";
			};
			name = Debug;
		};
		872C629D260C810500B1D92C /* Release */ = {
			isa = XCBuildConfiguration;
			buildSettings = {
				ALWAYS_SEARCH_USER_PATHS = NO;
				CLANG_ANALYZER_NONNULL = YES;
				CLANG_ANALYZER_NUMBER_OBJECT_CONVERSION = YES_AGGRESSIVE;
				CLANG_CXX_LANGUAGE_STANDARD = "gnu++14";
				CLANG_CXX_LIBRARY = "libc++";
				CLANG_ENABLE_MODULES = YES;
				CLANG_ENABLE_OBJC_ARC = YES;
				CLANG_ENABLE_OBJC_WEAK = YES;
				CLANG_WARN_BLOCK_CAPTURE_AUTORELEASING = YES;
				CLANG_WARN_BOOL_CONVERSION = YES;
				CLANG_WARN_COMMA = YES;
				CLANG_WARN_CONSTANT_CONVERSION = YES;
				CLANG_WARN_DEPRECATED_OBJC_IMPLEMENTATIONS = YES;
				CLANG_WARN_DIRECT_OBJC_ISA_USAGE = YES_ERROR;
				CLANG_WARN_DOCUMENTATION_COMMENTS = YES;
				CLANG_WARN_EMPTY_BODY = YES;
				CLANG_WARN_ENUM_CONVERSION = YES;
				CLANG_WARN_INFINITE_RECURSION = YES;
				CLANG_WARN_INT_CONVERSION = YES;
				CLANG_WARN_NON_LITERAL_NULL_CONVERSION = YES;
				CLANG_WARN_OBJC_IMPLICIT_RETAIN_SELF = YES;
				CLANG_WARN_OBJC_LITERAL_CONVERSION = YES;
				CLANG_WARN_OBJC_ROOT_CLASS = YES_ERROR;
				CLANG_WARN_QUOTED_INCLUDE_IN_FRAMEWORK_HEADER = YES;
				CLANG_WARN_RANGE_LOOP_ANALYSIS = YES;
				CLANG_WARN_STRICT_PROTOTYPES = YES;
				CLANG_WARN_SUSPICIOUS_MOVE = YES;
				CLANG_WARN_UNGUARDED_AVAILABILITY = YES_AGGRESSIVE;
				CLANG_WARN_UNREACHABLE_CODE = YES;
				CLANG_WARN__DUPLICATE_METHOD_MATCH = YES;
				COPY_PHASE_STRIP = NO;
				DEBUG_INFORMATION_FORMAT = "dwarf-with-dsym";
				ENABLE_NS_ASSERTIONS = NO;
				ENABLE_STRICT_OBJC_MSGSEND = YES;
				GCC_C_LANGUAGE_STANDARD = gnu11;
				GCC_NO_COMMON_BLOCKS = YES;
				GCC_WARN_64_TO_32_BIT_CONVERSION = YES;
				GCC_WARN_ABOUT_RETURN_TYPE = YES_ERROR;
				GCC_WARN_UNDECLARED_SELECTOR = YES;
				GCC_WARN_UNINITIALIZED_AUTOS = YES_AGGRESSIVE;
				GCC_WARN_UNUSED_FUNCTION = YES;
				GCC_WARN_UNUSED_VARIABLE = YES;
				IPHONEOS_DEPLOYMENT_TARGET = 14.4;
				MTL_ENABLE_DEBUG_INFO = NO;
				MTL_FAST_MATH = YES;
				SDKROOT = iphoneos;
				SWIFT_COMPILATION_MODE = wholemodule;
				SWIFT_OPTIMIZATION_LEVEL = "-O";
				VALIDATE_PRODUCT = YES;
			};
			name = Release;
		};
		872C629F260C810500B1D92C /* Debug */ = {
			isa = XCBuildConfiguration;
			baseConfigurationReference = 556D7C0FFB12BB6568A8B59A /* Pods-study29_firebase.debug.xcconfig */;
			buildSettings = {
				ASSETCATALOG_COMPILER_APPICON_NAME = AppIcon;
				ASSETCATALOG_COMPILER_GLOBAL_ACCENT_COLOR_NAME = AccentColor;
				CODE_SIGN_STYLE = Automatic;
				DEVELOPMENT_TEAM = 2C96RNDN63;
				INFOPLIST_FILE = study29_firebase/Info.plist;
				LD_RUNPATH_SEARCH_PATHS = (
					"$(inherited)",
					"@executable_path/Frameworks",
				);
				PRODUCT_BUNDLE_IDENTIFIER = "com.fdee.study29-firebase";
				PRODUCT_NAME = "$(TARGET_NAME)";
				SWIFT_VERSION = 5.0;
				TARGETED_DEVICE_FAMILY = "1,2";
			};
			name = Debug;
		};
		872C62A0260C810500B1D92C /* Release */ = {
			isa = XCBuildConfiguration;
			baseConfigurationReference = FD093FD6F88D71B7AB367E5C /* Pods-study29_firebase.release.xcconfig */;
			buildSettings = {
				ASSETCATALOG_COMPILER_APPICON_NAME = AppIcon;
				ASSETCATALOG_COMPILER_GLOBAL_ACCENT_COLOR_NAME = AccentColor;
				CODE_SIGN_STYLE = Automatic;
				DEVELOPMENT_TEAM = 2C96RNDN63;
				INFOPLIST_FILE = study29_firebase/Info.plist;
				LD_RUNPATH_SEARCH_PATHS = (
					"$(inherited)",
					"@executable_path/Frameworks",
				);
				PRODUCT_BUNDLE_IDENTIFIER = "com.fdee.study29-firebase";
				PRODUCT_NAME = "$(TARGET_NAME)";
				SWIFT_VERSION = 5.0;
				TARGETED_DEVICE_FAMILY = "1,2";
			};
			name = Release;
		};
/* End XCBuildConfiguration section */

/* Begin XCConfigurationList section */
		872C6285260C810400B1D92C /* Build configuration list for PBXProject "study29_firebase" */ = {
			isa = XCConfigurationList;
			buildConfigurations = (
				872C629C260C810500B1D92C /* Debug */,
				872C629D260C810500B1D92C /* Release */,
			);
			defaultConfigurationIsVisible = 0;
			defaultConfigurationName = Release;
		};
		872C629E260C810500B1D92C /* Build configuration list for PBXNativeTarget "study29_firebase" */ = {
			isa = XCConfigurationList;
			buildConfigurations = (
				872C629F260C810500B1D92C /* Debug */,
				872C62A0260C810500B1D92C /* Release */,
			);
			defaultConfigurationIsVisible = 0;
			defaultConfigurationName = Release;
		};
/* End XCConfigurationList section */
	};
	rootObject = 872C6282260C810400B1D92C /* Project object */;
}
